
Microsoft Visual Studio Solution File, Format Version 12.00
# Visual Studio Version 17
VisualStudioVersion = 17.5.002.0
MinimumVisualStudioVersion = 10.0.40219.1
Project("{2150E333-8FDC-42A3-9474-1A3956D46DE8}") = "01-getting-started", "01-getting-started", "{7025B2F6-DDF7-45E9-9097-AA7309F80E3C}"
EndProject
Project("{2150E333-8FDC-42A3-9474-1A3956D46DE8}") = "C-Sharp", "C-Sharp", "{7B751465-4961-461F-AE83-AB46C0D5BFD8}"
EndProject
Project("{9A19103F-16F7-4668-BE54-9A1E7A4F7556}") = "rest_client", "01-getting-started\C-Sharp\rest-client\rest_client.csproj", "{101119B8-74F9-4903-8C5C-406225C0AB40}"
EndProject
Project("{9A19103F-16F7-4668-BE54-9A1E7A4F7556}") = "sdk-client", "01-getting-started\C-Sharp\sdk-client\sdk-client.csproj", "{E45FE00E-8D5C-446F-96B3-C840F7CE45FC}"
EndProject
Project("{2150E333-8FDC-42A3-9474-1A3956D46DE8}") = "22-Create-a-search-solution", "22-Create-a-search-solution", "{F31C3AED-BAE3-4F1C-B33B-C6CA7DDEDA62}"
EndProject
Project("{2150E333-8FDC-42A3-9474-1A3956D46DE8}") = "C-Sharp", "C-Sharp", "{1D7B381E-B0DA-42D8-A33F-4C0A37C10415}"
EndProject
Project("{9A19103F-16F7-4668-BE54-9A1E7A4F7556}") = "search-client", "22-Create-a-search-solution\C-Sharp\margies-travel\search-client.csproj", "{95F09309-3588-427E-9B82-A55BD12251E8}"
EndProject
Project("{2150E333-8FDC-42A3-9474-1A3956D46DE8}") = "19-face", "19-face", "{678F5B83-523E-4311-85F1-2FA854CD79A1}"
EndProject
Project("{2150E333-8FDC-42A3-9474-1A3956D46DE8}") = "C-Sharp", "C-Sharp", "{4DFFEEC1-1938-4E9C-BB3F-60A221458043}"
EndProject
Project("{9A19103F-16F7-4668-BE54-9A1E7A4F7556}") = "analyze-faces", "19-face\C-Sharp\face-api\analyze-faces.csproj", "{FDEDE475-756A-4F5F-9552-C8197D984D74}"
EndProject
Project("{9A19103F-16F7-4668-BE54-9A1E7A4F7556}") = "detect-faces", "19-face\C-Sharp\computer-vision\detect-faces.csproj", "{97EE00E3-DC4B-4838-89C8-BB38335AC2B4}"
EndProject
Project("{2150E333-8FDC-42A3-9474-1A3956D46DE8}") = "21-custom-form", "21-custom-form", "{59179FBA-2D08-4C33-9CC8-7340B32B7890}"
EndProject
Project("{2150E333-8FDC-42A3-9474-1A3956D46DE8}") = "C-Sharp", "C-Sharp", "{3D277B18-5380-464C-9165-D46134E3FC22}"
EndProject
Project("{9A19103F-16F7-4668-BE54-9A1E7A4F7556}") = "test-model", "21-custom-form\C-Sharp\test-model\test-model.csproj", "{1C955059-47A2-4834-84F3-C1BAC41FF2F3}"
EndProject
Project("{9A19103F-16F7-4668-BE54-9A1E7A4F7556}") = "train-model", "21-custom-form\C-Sharp\train-model\train-model.csproj", "{E18C5B97-44EC-4705-AE92-4BB6319A86D2}"
EndProject
Project("{2150E333-8FDC-42A3-9474-1A3956D46DE8}") = "07-speech", "07-speech", "{7C6F4143-4267-495E-A180-F8E922701E41}"
EndProject
Project("{2150E333-8FDC-42A3-9474-1A3956D46DE8}") = "C-Sharp", "C-Sharp", "{02D88A90-84D0-409A-BD7F-497016C1AF2D}"
EndProject
Project("{9A19103F-16F7-4668-BE54-9A1E7A4F7556}") = "speaking-clock", "07-speech\C-Sharp\speaking-clock\speaking-clock.csproj", "{9140A21A-341B-4058-86CF-83E16A03CC73}"
EndProject
Project("{2150E333-8FDC-42A3-9474-1A3956D46DE8}") = "20-ocr", "20-ocr", "{EFE5A749-089F-45B1-A611-E178DC74D4B9}"
EndProject
Project("{2150E333-8FDC-42A3-9474-1A3956D46DE8}") = "C-Sharp", "C-Sharp", "{905FCD88-3D98-4B86-AA15-36F6C842A16B}"
EndProject
Project("{9A19103F-16F7-4668-BE54-9A1E7A4F7556}") = "read-text", "20-ocr\C-Sharp\read-text\read-text.csproj", "{A174B3C8-F0F6-47A3-8C0A-4EBED72EE685}"
EndProject
Project("{2150E333-8FDC-42A3-9474-1A3956D46DE8}") = "08-speech-translation", "08-speech-translation", "{C7F09F2A-5677-42B7-A6F6-6A7B61D16210}"
EndProject
Project("{2150E333-8FDC-42A3-9474-1A3956D46DE8}") = "C-Sharp", "C-Sharp", "{7079E67F-3CA7-42E1-8109-B5375C6CA76E}"
EndProject
Project("{9A19103F-16F7-4668-BE54-9A1E7A4F7556}") = "translator", "08-speech-translation\C-Sharp\translator\translator.csproj", "{AD681288-9B88-48BD-BDC8-2E42039A2556}"
EndProject
Project("{2150E333-8FDC-42A3-9474-1A3956D46DE8}") = "02-cognitive-security", "02-cognitive-security", "{F484B411-F263-4F51-B21F-1B287DAD5B56}"
EndProject
Project("{2150E333-8FDC-42A3-9474-1A3956D46DE8}") = "C-Sharp", "C-Sharp", "{FD1BCCFA-CDA8-4F7A-A215-2A00B4EBDB75}"
EndProject
Project("{9A19103F-16F7-4668-BE54-9A1E7A4F7556}") = "keyvault_client", "02-cognitive-security\C-Sharp\keyvault_client\keyvault_client.csproj", "{3EA11007-C02C-48E9-B690-67AE83430986}"
EndProject
Project("{2150E333-8FDC-42A3-9474-1A3956D46DE8}") = "18-object-detection", "18-object-detection", "{D5D21E5B-9792-496C-8F6A-ED6C83C801FB}"
EndProject
Project("{2150E333-8FDC-42A3-9474-1A3956D46DE8}") = "C-Sharp", "C-Sharp", "{DE201226-8A1C-4799-826F-4950F06EB544}"
EndProject
Project("{9A19103F-16F7-4668-BE54-9A1E7A4F7556}") = "test-detector", "18-object-detection\C-Sharp\test-detector\test-detector.csproj", "{9C010EAA-ECFD-45DB-A9F0-FB69690ACB6E}"
EndProject
Project("{9A19103F-16F7-4668-BE54-9A1E7A4F7556}") = "train-detector", "18-object-detection\C-Sharp\train-detector\train-detector.csproj", "{7E91473C-CD75-4104-964E-97BD302BE9FC}"
EndProject
Project("{2150E333-8FDC-42A3-9474-1A3956D46DE8}") = "11-luis-speech", "11-luis-speech", "{E583A1B4-752E-4E8C-8887-2196291ADBAB}"
EndProject
Project("{2150E333-8FDC-42A3-9474-1A3956D46DE8}") = "C-Sharp", "C-Sharp", "{BC9C3DB9-732F-49B3-83F5-CDC7BE171378}"
EndProject
Project("{9A19103F-16F7-4668-BE54-9A1E7A4F7556}") = "speaking_clock_client", "11-luis-speech\C-Sharp\speaking-clock-client\speaking_clock_client.csproj", "{3926D431-DC1E-4BDA-8594-54D740CC1DFD}"
EndProject
Project("{2150E333-8FDC-42A3-9474-1A3956D46DE8}") = "06-translate-text", "06-translate-text", "{709B9ED1-5057-47BF-8846-FF289F26EC64}"
EndProject
Project("{2150E333-8FDC-42A3-9474-1A3956D46DE8}") = "C-Sharp", "C-Sharp", "{2A9CCCB0-D942-4558-97BE-EC3DA8BD53A8}"
EndProject
Project("{9A19103F-16F7-4668-BE54-9A1E7A4F7556}") = "translate_text", "06-translate-text\C-Sharp\text-translation\translate_text.csproj", "{93BA751A-C5FF-4BE9-8A7D-22FBBF29BE66}"
EndProject
Project("{2150E333-8FDC-42A3-9474-1A3956D46DE8}") = "17-image-classification", "17-image-classification", "{A78C94F2-A357-40A5-88B2-E1A5B88DE3DE}"
EndProject
Project("{2150E333-8FDC-42A3-9474-1A3956D46DE8}") = "C-Sharp", "C-Sharp", "{48D138E5-44AD-42F5-B6FA-3DCB40EC9E7A}"
EndProject
Project("{9A19103F-16F7-4668-BE54-9A1E7A4F7556}") = "test-classifier", "17-image-classification\C-Sharp\test-classifier\test-classifier.csproj", "{13965113-6B8B-4528-8C4A-45D5AF4CC730}"
EndProject
Project("{9A19103F-16F7-4668-BE54-9A1E7A4F7556}") = "train-classifier", "17-image-classification\C-Sharp\train-classifier\train-classifier.csproj", "{B1FD916B-A37C-4991-9815-1A373F5FD4CD}"
EndProject
Project("{2150E333-8FDC-42A3-9474-1A3956D46DE8}") = "10b-clu-client-(preview)", "10b-clu-client-(preview)", "{29A9E516-DCC3-49CA-8694-0D795202F1BF}"
EndProject
Project("{2150E333-8FDC-42A3-9474-1A3956D46DE8}") = "C-Sharp", "C-Sharp", "{556BE9B6-C4FE-4AB6-8DBC-40987606B043}"
EndProject
Project("{9A19103F-16F7-4668-BE54-9A1E7A4F7556}") = "clock_client", "10b-clu-client-(preview)\C-Sharp\clock-client\clock_client.csproj", "{1C756BD5-5763-473F-8718-5C81E51B6BF0}"
EndProject
Project("{2150E333-8FDC-42A3-9474-1A3956D46DE8}") = "05-analyze-text", "05-analyze-text", "{30CE5A04-A8E9-4C0F-AB11-37754D61D815}"
EndProject
Project("{2150E333-8FDC-42A3-9474-1A3956D46DE8}") = "C-Sharp", "C-Sharp", "{D13DC83D-D6D8-486A-AEEA-52E1066EC5A4}"
EndProject
Project("{9A19103F-16F7-4668-BE54-9A1E7A4F7556}") = "text-analysis", "05-analyze-text\C-Sharp\text-analysis\text-analysis.csproj", "{311A86F5-5A90-4A19-AA14-07033AFE99FA}"
EndProject
Project("{2150E333-8FDC-42A3-9474-1A3956D46DE8}") = "15-computer-vision", "15-computer-vision", "{085D4F48-AEA7-4E5A-BFDD-A87DC75AAF8B}"
EndProject
Project("{2150E333-8FDC-42A3-9474-1A3956D46DE8}") = "C-Sharp", "C-Sharp", "{DB874989-F7CF-4253-8F0C-DBDD6B40A268}"
EndProject
Project("{9A19103F-16F7-4668-BE54-9A1E7A4F7556}") = "image-analysis", "15-computer-vision\C-Sharp\image-analysis\image-analysis.csproj", "{B3DE79C2-537D-446A-A7B1-715307A6766B}"
EndProject
Global
	GlobalSection(SolutionConfigurationPlatforms) = preSolution
		Debug|Any CPU = Debug|Any CPU
		Release|Any CPU = Release|Any CPU
	EndGlobalSection
	GlobalSection(ProjectConfigurationPlatforms) = postSolution
		{101119B8-74F9-4903-8C5C-406225C0AB40}.Debug|Any CPU.ActiveCfg = Debug|Any CPU
		{101119B8-74F9-4903-8C5C-406225C0AB40}.Debug|Any CPU.Build.0 = Debug|Any CPU
		{101119B8-74F9-4903-8C5C-406225C0AB40}.Release|Any CPU.ActiveCfg = Release|Any CPU
		{101119B8-74F9-4903-8C5C-406225C0AB40}.Release|Any CPU.Build.0 = Release|Any CPU
		{E45FE00E-8D5C-446F-96B3-C840F7CE45FC}.Debug|Any CPU.ActiveCfg = Debug|Any CPU
		{E45FE00E-8D5C-446F-96B3-C840F7CE45FC}.Debug|Any CPU.Build.0 = Debug|Any CPU
		{E45FE00E-8D5C-446F-96B3-C840F7CE45FC}.Release|Any CPU.ActiveCfg = Release|Any CPU
		{E45FE00E-8D5C-446F-96B3-C840F7CE45FC}.Release|Any CPU.Build.0 = Release|Any CPU
		{95F09309-3588-427E-9B82-A55BD12251E8}.Debug|Any CPU.ActiveCfg = Debug|Any CPU
		{95F09309-3588-427E-9B82-A55BD12251E8}.Debug|Any CPU.Build.0 = Debug|Any CPU
		{95F09309-3588-427E-9B82-A55BD12251E8}.Release|Any CPU.ActiveCfg = Release|Any CPU
		{95F09309-3588-427E-9B82-A55BD12251E8}.Release|Any CPU.Build.0 = Release|Any CPU
		{FDEDE475-756A-4F5F-9552-C8197D984D74}.Debug|Any CPU.ActiveCfg = Debug|Any CPU
		{FDEDE475-756A-4F5F-9552-C8197D984D74}.Debug|Any CPU.Build.0 = Debug|Any CPU
		{FDEDE475-756A-4F5F-9552-C8197D984D74}.Release|Any CPU.ActiveCfg = Release|Any CPU
		{FDEDE475-756A-4F5F-9552-C8197D984D74}.Release|Any CPU.Build.0 = Release|Any CPU
		{97EE00E3-DC4B-4838-89C8-BB38335AC2B4}.Debug|Any CPU.ActiveCfg = Debug|Any CPU
		{97EE00E3-DC4B-4838-89C8-BB38335AC2B4}.Debug|Any CPU.Build.0 = Debug|Any CPU
		{97EE00E3-DC4B-4838-89C8-BB38335AC2B4}.Release|Any CPU.ActiveCfg = Release|Any CPU
		{97EE00E3-DC4B-4838-89C8-BB38335AC2B4}.Release|Any CPU.Build.0 = Release|Any CPU
		{1C955059-47A2-4834-84F3-C1BAC41FF2F3}.Debug|Any CPU.ActiveCfg = Debug|Any CPU
		{1C955059-47A2-4834-84F3-C1BAC41FF2F3}.Debug|Any CPU.Build.0 = Debug|Any CPU
		{1C955059-47A2-4834-84F3-C1BAC41FF2F3}.Release|Any CPU.ActiveCfg = Release|Any CPU
		{1C955059-47A2-4834-84F3-C1BAC41FF2F3}.Release|Any CPU.Build.0 = Release|Any CPU
		{E18C5B97-44EC-4705-AE92-4BB6319A86D2}.Debug|Any CPU.ActiveCfg = Debug|Any CPU
		{E18C5B97-44EC-4705-AE92-4BB6319A86D2}.Debug|Any CPU.Build.0 = Debug|Any CPU
		{E18C5B97-44EC-4705-AE92-4BB6319A86D2}.Release|Any CPU.ActiveCfg = Release|Any CPU
		{E18C5B97-44EC-4705-AE92-4BB6319A86D2}.Release|Any CPU.Build.0 = Release|Any CPU
		{9140A21A-341B-4058-86CF-83E16A03CC73}.Debug|Any CPU.ActiveCfg = Debug|Any CPU
		{9140A21A-341B-4058-86CF-83E16A03CC73}.Debug|Any CPU.Build.0 = Debug|Any CPU
		{9140A21A-341B-4058-86CF-83E16A03CC73}.Release|Any CPU.ActiveCfg = Release|Any CPU
		{9140A21A-341B-4058-86CF-83E16A03CC73}.Release|Any CPU.Build.0 = Release|Any CPU
		{A174B3C8-F0F6-47A3-8C0A-4EBED72EE685}.Debug|Any CPU.ActiveCfg = Debug|Any CPU
		{A174B3C8-F0F6-47A3-8C0A-4EBED72EE685}.Debug|Any CPU.Build.0 = Debug|Any CPU
		{A174B3C8-F0F6-47A3-8C0A-4EBED72EE685}.Release|Any CPU.ActiveCfg = Release|Any CPU
		{A174B3C8-F0F6-47A3-8C0A-4EBED72EE685}.Release|Any CPU.Build.0 = Release|Any CPU
		{AD681288-9B88-48BD-BDC8-2E42039A2556}.Debug|Any CPU.ActiveCfg = Debug|Any CPU
		{AD681288-9B88-48BD-BDC8-2E42039A2556}.Debug|Any CPU.Build.0 = Debug|Any CPU
		{AD681288-9B88-48BD-BDC8-2E42039A2556}.Release|Any CPU.ActiveCfg = Release|Any CPU
		{AD681288-9B88-48BD-BDC8-2E42039A2556}.Release|Any CPU.Build.0 = Release|Any CPU
		{3EA11007-C02C-48E9-B690-67AE83430986}.Debug|Any CPU.ActiveCfg = Debug|Any CPU
		{3EA11007-C02C-48E9-B690-67AE83430986}.Debug|Any CPU.Build.0 = Debug|Any CPU
		{3EA11007-C02C-48E9-B690-67AE83430986}.Release|Any CPU.ActiveCfg = Release|Any CPU
		{3EA11007-C02C-48E9-B690-67AE83430986}.Release|Any CPU.Build.0 = Release|Any CPU
		{9C010EAA-ECFD-45DB-A9F0-FB69690ACB6E}.Debug|Any CPU.ActiveCfg = Debug|Any CPU
		{9C010EAA-ECFD-45DB-A9F0-FB69690ACB6E}.Debug|Any CPU.Build.0 = Debug|Any CPU
		{9C010EAA-ECFD-45DB-A9F0-FB69690ACB6E}.Release|Any CPU.ActiveCfg = Release|Any CPU
		{9C010EAA-ECFD-45DB-A9F0-FB69690ACB6E}.Release|Any CPU.Build.0 = Release|Any CPU
		{7E91473C-CD75-4104-964E-97BD302BE9FC}.Debug|Any CPU.ActiveCfg = Debug|Any CPU
		{7E91473C-CD75-4104-964E-97BD302BE9FC}.Debug|Any CPU.Build.0 = Debug|Any CPU
		{7E91473C-CD75-4104-964E-97BD302BE9FC}.Release|Any CPU.ActiveCfg = Release|Any CPU
		{7E91473C-CD75-4104-964E-97BD302BE9FC}.Release|Any CPU.Build.0 = Release|Any CPU
		{3926D431-DC1E-4BDA-8594-54D740CC1DFD}.Debug|Any CPU.ActiveCfg = Debug|Any CPU
		{3926D431-DC1E-4BDA-8594-54D740CC1DFD}.Debug|Any CPU.Build.0 = Debug|Any CPU
		{3926D431-DC1E-4BDA-8594-54D740CC1DFD}.Release|Any CPU.ActiveCfg = Release|Any CPU
		{3926D431-DC1E-4BDA-8594-54D740CC1DFD}.Release|Any CPU.Build.0 = Release|Any CPU
		{93BA751A-C5FF-4BE9-8A7D-22FBBF29BE66}.Debug|Any CPU.ActiveCfg = Debug|Any CPU
		{93BA751A-C5FF-4BE9-8A7D-22FBBF29BE66}.Debug|Any CPU.Build.0 = Debug|Any CPU
		{93BA751A-C5FF-4BE9-8A7D-22FBBF29BE66}.Release|Any CPU.ActiveCfg = Release|Any CPU
		{93BA751A-C5FF-4BE9-8A7D-22FBBF29BE66}.Release|Any CPU.Build.0 = Release|Any CPU
		{13965113-6B8B-4528-8C4A-45D5AF4CC730}.Debug|Any CPU.ActiveCfg = Debug|Any CPU
		{13965113-6B8B-4528-8C4A-45D5AF4CC730}.Debug|Any CPU.Build.0 = Debug|Any CPU
		{13965113-6B8B-4528-8C4A-45D5AF4CC730}.Release|Any CPU.ActiveCfg = Release|Any CPU
		{13965113-6B8B-4528-8C4A-45D5AF4CC730}.Release|Any CPU.Build.0 = Release|Any CPU
		{B1FD916B-A37C-4991-9815-1A373F5FD4CD}.Debug|Any CPU.ActiveCfg = Debug|Any CPU
		{B1FD916B-A37C-4991-9815-1A373F5FD4CD}.Debug|Any CPU.Build.0 = Debug|Any CPU
		{B1FD916B-A37C-4991-9815-1A373F5FD4CD}.Release|Any CPU.ActiveCfg = Release|Any CPU
		{B1FD916B-A37C-4991-9815-1A373F5FD4CD}.Release|Any CPU.Build.0 = Release|Any CPU
		{1C756BD5-5763-473F-8718-5C81E51B6BF0}.Debug|Any CPU.ActiveCfg = Debug|Any CPU
		{1C756BD5-5763-473F-8718-5C81E51B6BF0}.Debug|Any CPU.Build.0 = Debug|Any CPU
		{1C756BD5-5763-473F-8718-5C81E51B6BF0}.Release|Any CPU.ActiveCfg = Release|Any CPU
		{1C756BD5-5763-473F-8718-5C81E51B6BF0}.Release|Any CPU.Build.0 = Release|Any CPU
		{311A86F5-5A90-4A19-AA14-07033AFE99FA}.Debug|Any CPU.ActiveCfg = Debug|Any CPU
		{311A86F5-5A90-4A19-AA14-07033AFE99FA}.Debug|Any CPU.Build.0 = Debug|Any CPU
		{311A86F5-5A90-4A19-AA14-07033AFE99FA}.Release|Any CPU.ActiveCfg = Release|Any CPU
		{311A86F5-5A90-4A19-AA14-07033AFE99FA}.Release|Any CPU.Build.0 = Release|Any CPU
		{B3DE79C2-537D-446A-A7B1-715307A6766B}.Debug|Any CPU.ActiveCfg = Debug|Any CPU
		{B3DE79C2-537D-446A-A7B1-715307A6766B}.Debug|Any CPU.Build.0 = Debug|Any CPU
		{B3DE79C2-537D-446A-A7B1-715307A6766B}.Release|Any CPU.ActiveCfg = Release|Any CPU
		{B3DE79C2-537D-446A-A7B1-715307A6766B}.Release|Any CPU.Build.0 = Release|Any CPU
	EndGlobalSection
	GlobalSection(SolutionProperties) = preSolution
		HideSolutionNode = FALSE
	EndGlobalSection
	GlobalSection(NestedProjects) = preSolution
		{7B751465-4961-461F-AE83-AB46C0D5BFD8} = {7025B2F6-DDF7-45E9-9097-AA7309F80E3C}
		{101119B8-74F9-4903-8C5C-406225C0AB40} = {7B751465-4961-461F-AE83-AB46C0D5BFD8}
		{E45FE00E-8D5C-446F-96B3-C840F7CE45FC} = {7B751465-4961-461F-AE83-AB46C0D5BFD8}
		{1D7B381E-B0DA-42D8-A33F-4C0A37C10415} = {F31C3AED-BAE3-4F1C-B33B-C6CA7DDEDA62}
		{95F09309-3588-427E-9B82-A55BD12251E8} = {1D7B381E-B0DA-42D8-A33F-4C0A37C10415}
		{4DFFEEC1-1938-4E9C-BB3F-60A221458043} = {678F5B83-523E-4311-85F1-2FA854CD79A1}
		{FDEDE475-756A-4F5F-9552-C8197D984D74} = {4DFFEEC1-1938-4E9C-BB3F-60A221458043}
		{97EE00E3-DC4B-4838-89C8-BB38335AC2B4} = {4DFFEEC1-1938-4E9C-BB3F-60A221458043}
		{3D277B18-5380-464C-9165-D46134E3FC22} = {59179FBA-2D08-4C33-9CC8-7340B32B7890}
		{1C955059-47A2-4834-84F3-C1BAC41FF2F3} = {3D277B18-5380-464C-9165-D46134E3FC22}
		{E18C5B97-44EC-4705-AE92-4BB6319A86D2} = {3D277B18-5380-464C-9165-D46134E3FC22}
		{02D88A90-84D0-409A-BD7F-497016C1AF2D} = {7C6F4143-4267-495E-A180-F8E922701E41}
		{9140A21A-341B-4058-86CF-83E16A03CC73} = {02D88A90-84D0-409A-BD7F-497016C1AF2D}
		{905FCD88-3D98-4B86-AA15-36F6C842A16B} = {EFE5A749-089F-45B1-A611-E178DC74D4B9}
		{A174B3C8-F0F6-47A3-8C0A-4EBED72EE685} = {905FCD88-3D98-4B86-AA15-36F6C842A16B}
		{7079E67F-3CA7-42E1-8109-B5375C6CA76E} = {C7F09F2A-5677-42B7-A6F6-6A7B61D16210}
		{AD681288-9B88-48BD-BDC8-2E42039A2556} = {7079E67F-3CA7-42E1-8109-B5375C6CA76E}
		{FD1BCCFA-CDA8-4F7A-A215-2A00B4EBDB75} = {F484B411-F263-4F51-B21F-1B287DAD5B56}
		{3EA11007-C02C-48E9-B690-67AE83430986} = {FD1BCCFA-CDA8-4F7A-A215-2A00B4EBDB75}
		{DE201226-8A1C-4799-826F-4950F06EB544} = {D5D21E5B-9792-496C-8F6A-ED6C83C801FB}
		{9C010EAA-ECFD-45DB-A9F0-FB69690ACB6E} = {DE201226-8A1C-4799-826F-4950F06EB544}
		{7E91473C-CD75-4104-964E-97BD302BE9FC} = {DE201226-8A1C-4799-826F-4950F06EB544}
		{BC9C3DB9-732F-49B3-83F5-CDC7BE171378} = {E583A1B4-752E-4E8C-8887-2196291ADBAB}
		{3926D431-DC1E-4BDA-8594-54D740CC1DFD} = {BC9C3DB9-732F-49B3-83F5-CDC7BE171378}
		{2A9CCCB0-D942-4558-97BE-EC3DA8BD53A8} = {709B9ED1-5057-47BF-8846-FF289F26EC64}
		{93BA751A-C5FF-4BE9-8A7D-22FBBF29BE66} = {2A9CCCB0-D942-4558-97BE-EC3DA8BD53A8}
		{48D138E5-44AD-42F5-B6FA-3DCB40EC9E7A} = {A78C94F2-A357-40A5-88B2-E1A5B88DE3DE}
		{13965113-6B8B-4528-8C4A-45D5AF4CC730} = {48D138E5-44AD-42F5-B6FA-3DCB40EC9E7A}
		{B1FD916B-A37C-4991-9815-1A373F5FD4CD} = {48D138E5-44AD-42F5-B6FA-3DCB40EC9E7A}
		{556BE9B6-C4FE-4AB6-8DBC-40987606B043} = {29A9E516-DCC3-49CA-8694-0D795202F1BF}
		{1C756BD5-5763-473F-8718-5C81E51B6BF0} = {556BE9B6-C4FE-4AB6-8DBC-40987606B043}
		{D13DC83D-D6D8-486A-AEEA-52E1066EC5A4} = {30CE5A04-A8E9-4C0F-AB11-37754D61D815}
		{311A86F5-5A90-4A19-AA14-07033AFE99FA} = {D13DC83D-D6D8-486A-AEEA-52E1066EC5A4}
		{DB874989-F7CF-4253-8F0C-DBDD6B40A268} = {085D4F48-AEA7-4E5A-BFDD-A87DC75AAF8B}
		{B3DE79C2-537D-446A-A7B1-715307A6766B} = {DB874989-F7CF-4253-8F0C-DBDD6B40A268}
	EndGlobalSection
	GlobalSection(ExtensibilityGlobals) = postSolution
		SolutionGuid = {345BB227-5490-418E-A9EE-6D33651AFC8E}
	EndGlobalSection
EndGlobal
